
Microsoft Visual Studio Solution File, Format Version 12.00
# Visual Studio Version 17
VisualStudioVersion = 17.13.35818.85
MinimumVisualStudioVersion = 10.0.40219.1
Project("{FAE04EC0-301F-11D3-BF4B-00C04F79EFBC}") = "test", "test\test.csproj", "{39B8CF0B-2EFD-4BE2-9A7B-74CAFEEECDC6}"
EndProject
Project("{FAE04EC0-301F-11D3-BF4B-00C04F79EFBC}") = "Entites", "Entites\Entites.csproj", "{2C3FF29D-F22E-4127-9A66-3F0140588DF1}"
EndProject
Project("{FAE04EC0-301F-11D3-BF4B-00C04F79EFBC}") = "Service", "Service\Service.csproj", "{BF242EF1-EB91-4884-8DA6-ABA8F36774D7}"
EndProject
Project("{FAE04EC0-301F-11D3-BF4B-00C04F79EFBC}") = "DataBase", "DataBase\DataBase.csproj", "{C4587A2B-457E-4FCC-B8A7-888148980913}"
EndProject
Global
	GlobalSection(SolutionConfigurationPlatforms) = preSolution
		Debug|Any CPU = Debug|Any CPU
		Release|Any CPU = Release|Any CPU
	EndGlobalSection
	GlobalSection(ProjectConfigurationPlatforms) = postSolution
		{39B8CF0B-2EFD-4BE2-9A7B-74CAFEEECDC6}.Debug|Any CPU.ActiveCfg = Debug|Any CPU
		{39B8CF0B-2EFD-4BE2-9A7B-74CAFEEECDC6}.Debug|Any CPU.Build.0 = Debug|Any CPU
		{39B8CF0B-2EFD-4BE2-9A7B-74CAFEEECDC6}.Release|Any CPU.ActiveCfg = Release|Any CPU
		{39B8CF0B-2EFD-4BE2-9A7B-74CAFEEECDC6}.Release|Any CPU.Build.0 = Release|Any CPU
		{2C3FF29D-F22E-4127-9A66-3F0140588DF1}.Debug|Any CPU.ActiveCfg = Debug|Any CPU
		{2C3FF29D-F22E-4127-9A66-3F0140588DF1}.Debug|Any CPU.Build.0 = Debug|Any CPU
		{2C3FF29D-F22E-4127-9A66-3F0140588DF1}.Release|Any CPU.ActiveCfg = Release|Any CPU
		{2C3FF29D-F22E-4127-9A66-3F0140588DF1}.Release|Any CPU.Build.0 = Release|Any CPU
		{BF242EF1-EB91-4884-8DA6-ABA8F36774D7}.Debug|Any CPU.ActiveCfg = Debug|Any CPU
		{BF242EF1-EB91-4884-8DA6-ABA8F36774D7}.Debug|Any CPU.Build.0 = Debug|Any CPU
		{BF242EF1-EB91-4884-8DA6-ABA8F36774D7}.Release|Any CPU.ActiveCfg = Release|Any CPU
		{BF242EF1-EB91-4884-8DA6-ABA8F36774D7}.Release|Any CPU.Build.0 = Release|Any CPU
		{C4587A2B-457E-4FCC-B8A7-888148980913}.Debug|Any CPU.ActiveCfg = Debug|Any CPU
		{C4587A2B-457E-4FCC-B8A7-888148980913}.Debug|Any CPU.Build.0 = Debug|Any CPU
		{C4587A2B-457E-4FCC-B8A7-888148980913}.Release|Any CPU.ActiveCfg = Release|Any CPU
		{C4587A2B-457E-4FCC-B8A7-888148980913}.Release|Any CPU.Build.0 = Release|Any CPU
	EndGlobalSection
	GlobalSection(SolutionProperties) = preSolution
		HideSolutionNode = FALSE
	EndGlobalSection
	GlobalSection(ExtensibilityGlobals) = postSolution
		SolutionGuid = {041C049D-0B43-42B7-90F1-9E7D1EDB421B}
	EndGlobalSection
EndGlobal
